
Microsoft Visual Studio Solution File, Format Version 12.00
# Visual Studio Version 17
VisualStudioVersion = 17.12.35527.113 d17.12
MinimumVisualStudioVersion = 10.0.40219.1
Project("{FAE04EC0-301F-11D3-BF4B-00C04F79EFBC}") = "TicketMaster_functionApp", "TicketMaster_functionApp\TicketMaster_functionApp.csproj", "{AC1E7724-906B-4DF5-B7D7-DF3B7D742FF3}"
EndProject
Global
	GlobalSection(SolutionConfigurationPlatforms) = preSolution
		Debug|Any CPU = Debug|Any CPU
		Release|Any CPU = Release|Any CPU
	EndGlobalSection
	GlobalSection(ProjectConfigurationPlatforms) = postSolution
		{AC1E7724-906B-4DF5-B7D7-DF3B7D742FF3}.Debug|Any CPU.ActiveCfg = Debug|Any CPU
		{AC1E7724-906B-4DF5-B7D7-DF3B7D742FF3}.Debug|Any CPU.Build.0 = Debug|Any CPU
		{AC1E7724-906B-4DF5-B7D7-DF3B7D742FF3}.Release|Any CPU.ActiveCfg = Release|Any CPU
		{AC1E7724-906B-4DF5-B7D7-DF3B7D742FF3}.Release|Any CPU.Build.0 = Release|Any CPU
	EndGlobalSection
	GlobalSection(SolutionProperties) = preSolution
		HideSolutionNode = FALSE
	EndGlobalSection
EndGlobal
